
Microsoft Visual Studio Solution File, Format Version 12.00
# Visual Studio 15
VisualStudioVersion = 15.0.27428.2015
MinimumVisualStudioVersion = 10.0.40219.1
Project("{FAE04EC0-301F-11D3-BF4B-00C04F79EFBC}") = "WebApi.EChecklist.Web", "WebApi.EChecklist.Web\WebApi.EChecklist.Web.csproj", "{75B3832F-6C80-4883-B8A8-BAD8FB9552A6}"
EndProject
Project("{FAE04EC0-301F-11D3-BF4B-00C04F79EFBC}") = "WebApi.EChecklist.Providers", "WebApi.EChecklist.Providers\WebApi.EChecklist.Providers.csproj", "{7E3F2298-47F2-4FE0-B9B5-BA9AAE2E2F18}"
EndProject
Project("{FAE04EC0-301F-11D3-BF4B-00C04F79EFBC}") = "WebApi.EChecklist.Models", "WebApi.EChecklist.Models\WebApi.EChecklist.Models.csproj", "{8D5845F8-3E50-4BC0-990F-E8A448D30F22}"
EndProject
Project("{FAE04EC0-301F-11D3-BF4B-00C04F79EFBC}") = "WebApi.EChecklist.Repositories", "WebApi.EChecklist.Repositories\WebApi.EChecklist.Repositories.csproj", "{2255C992-DA8F-4970-AB4C-E32820EDEB52}"
EndProject
Project("{FAE04EC0-301F-11D3-BF4B-00C04F79EFBC}") = "WebApi.EChecklist.Common", "WebApi.EChecklist.Common\WebApi.EChecklist.Common.csproj", "{BC13C094-55A9-4E95-B8E2-056471DF3CD5}"
EndProject
Project("{2150E333-8FDC-42A3-9474-1A3956D46DE8}") = "0-Test", "0-Test", "{7952B7AD-1B44-4C39-8ECD-3EEDB7284F73}"
EndProject
Project("{2150E333-8FDC-42A3-9474-1A3956D46DE8}") = "1-Core", "1-Core", "{CCA849A1-892E-4967-BA80-9CDB4B068F08}"
EndProject
Project("{2150E333-8FDC-42A3-9474-1A3956D46DE8}") = "2-Web", "2-Web", "{B73E16D8-8895-4E68-9D2A-E402B426E512}"
EndProject
Project("{2150E333-8FDC-42A3-9474-1A3956D46DE8}") = "3-Application", "3-Application", "{857ED6DA-8A8B-4875-AC04-F42652C8FABA}"
EndProject
Project("{2150E333-8FDC-42A3-9474-1A3956D46DE8}") = "4-Domain", "4-Domain", "{FCE18055-78B8-480A-9854-66B4076E5E5C}"
EndProject
Project("{2150E333-8FDC-42A3-9474-1A3956D46DE8}") = "5-Persistence", "5-Persistence", "{85306700-E17B-45FD-95E7-548ED2E71BC6}"
EndProject
Project("{2150E333-8FDC-42A3-9474-1A3956D46DE8}") = "6-Common", "6-Common", "{5418E8D6-2791-4CE5-A674-C5B83DCED3E3}"
EndProject
Project("{FAE04EC0-301F-11D3-BF4B-00C04F79EFBC}") = "WebApi.EChecklist.Test", "WebApi.EChecklist.Test\WebApi.EChecklist.Test.csproj", "{8EDF4429-251A-416D-BB68-93F227191BCF}"
EndProject
Global
	GlobalSection(SolutionConfigurationPlatforms) = preSolution
		Debug|Any CPU = Debug|Any CPU
		Release|Any CPU = Release|Any CPU
	EndGlobalSection
	GlobalSection(ProjectConfigurationPlatforms) = postSolution
		{75B3832F-6C80-4883-B8A8-BAD8FB9552A6}.Debug|Any CPU.ActiveCfg = Debug|Any CPU
		{75B3832F-6C80-4883-B8A8-BAD8FB9552A6}.Debug|Any CPU.Build.0 = Debug|Any CPU
		{75B3832F-6C80-4883-B8A8-BAD8FB9552A6}.Release|Any CPU.ActiveCfg = Release|Any CPU
		{75B3832F-6C80-4883-B8A8-BAD8FB9552A6}.Release|Any CPU.Build.0 = Release|Any CPU
		{7E3F2298-47F2-4FE0-B9B5-BA9AAE2E2F18}.Debug|Any CPU.ActiveCfg = Debug|Any CPU
		{7E3F2298-47F2-4FE0-B9B5-BA9AAE2E2F18}.Debug|Any CPU.Build.0 = Debug|Any CPU
		{7E3F2298-47F2-4FE0-B9B5-BA9AAE2E2F18}.Release|Any CPU.ActiveCfg = Release|Any CPU
		{7E3F2298-47F2-4FE0-B9B5-BA9AAE2E2F18}.Release|Any CPU.Build.0 = Release|Any CPU
		{8D5845F8-3E50-4BC0-990F-E8A448D30F22}.Debug|Any CPU.ActiveCfg = Debug|Any CPU
		{8D5845F8-3E50-4BC0-990F-E8A448D30F22}.Debug|Any CPU.Build.0 = Debug|Any CPU
		{8D5845F8-3E50-4BC0-990F-E8A448D30F22}.Release|Any CPU.ActiveCfg = Release|Any CPU
		{8D5845F8-3E50-4BC0-990F-E8A448D30F22}.Release|Any CPU.Build.0 = Release|Any CPU
		{2255C992-DA8F-4970-AB4C-E32820EDEB52}.Debug|Any CPU.ActiveCfg = Debug|Any CPU
		{2255C992-DA8F-4970-AB4C-E32820EDEB52}.Debug|Any CPU.Build.0 = Debug|Any CPU
		{2255C992-DA8F-4970-AB4C-E32820EDEB52}.Release|Any CPU.ActiveCfg = Release|Any CPU
		{2255C992-DA8F-4970-AB4C-E32820EDEB52}.Release|Any CPU.Build.0 = Release|Any CPU
		{BC13C094-55A9-4E95-B8E2-056471DF3CD5}.Debug|Any CPU.ActiveCfg = Debug|Any CPU
		{BC13C094-55A9-4E95-B8E2-056471DF3CD5}.Debug|Any CPU.Build.0 = Debug|Any CPU
		{BC13C094-55A9-4E95-B8E2-056471DF3CD5}.Release|Any CPU.ActiveCfg = Release|Any CPU
		{BC13C094-55A9-4E95-B8E2-056471DF3CD5}.Release|Any CPU.Build.0 = Release|Any CPU
		{8EDF4429-251A-416D-BB68-93F227191BCF}.Debug|Any CPU.ActiveCfg = Debug|Any CPU
		{8EDF4429-251A-416D-BB68-93F227191BCF}.Debug|Any CPU.Build.0 = Debug|Any CPU
		{8EDF4429-251A-416D-BB68-93F227191BCF}.Release|Any CPU.ActiveCfg = Release|Any CPU
		{8EDF4429-251A-416D-BB68-93F227191BCF}.Release|Any CPU.Build.0 = Release|Any CPU
	EndGlobalSection
	GlobalSection(SolutionProperties) = preSolution
		HideSolutionNode = FALSE
	EndGlobalSection
	GlobalSection(NestedProjects) = preSolution
		{75B3832F-6C80-4883-B8A8-BAD8FB9552A6} = {B73E16D8-8895-4E68-9D2A-E402B426E512}
		{7E3F2298-47F2-4FE0-B9B5-BA9AAE2E2F18} = {857ED6DA-8A8B-4875-AC04-F42652C8FABA}
		{8D5845F8-3E50-4BC0-990F-E8A448D30F22} = {FCE18055-78B8-480A-9854-66B4076E5E5C}
		{2255C992-DA8F-4970-AB4C-E32820EDEB52} = {85306700-E17B-45FD-95E7-548ED2E71BC6}
		{BC13C094-55A9-4E95-B8E2-056471DF3CD5} = {5418E8D6-2791-4CE5-A674-C5B83DCED3E3}
		{8EDF4429-251A-416D-BB68-93F227191BCF} = {7952B7AD-1B44-4C39-8ECD-3EEDB7284F73}
	EndGlobalSection
	GlobalSection(ExtensibilityGlobals) = postSolution
		SolutionGuid = {F54DE268-8AD5-403C-BDB5-6F1AEF303169}
	EndGlobalSection
EndGlobal
